
Microsoft Visual Studio Solution File, Format Version 12.00
# Visual Studio Version 16
VisualStudioVersion = 16.0.31624.102
MinimumVisualStudioVersion = 10.0.40219.1
Project("{FAE04EC0-301F-11D3-BF4B-00C04F79EFBC}") = "CanlasModule3.Android", "CanlasModule3\CanlasModule3.Android\CanlasModule3.Android.csproj", "{371F8153-F32E-428B-89CB-586C77B4704E}"
EndProject
Project("{FAE04EC0-301F-11D3-BF4B-00C04F79EFBC}") = "CanlasModule3", "CanlasModule3\CanlasModule3\CanlasModule3.csproj", "{CBE2B504-74A7-44FA-BD85-909093F9987A}"
EndProject
Global
	GlobalSection(SolutionConfigurationPlatforms) = preSolution
		Debug|Any CPU = Debug|Any CPU
		Release|Any CPU = Release|Any CPU
	EndGlobalSection
	GlobalSection(ProjectConfigurationPlatforms) = postSolution
		{371F8153-F32E-428B-89CB-586C77B4704E}.Debug|Any CPU.ActiveCfg = Debug|Any CPU
		{371F8153-F32E-428B-89CB-586C77B4704E}.Debug|Any CPU.Build.0 = Debug|Any CPU
		{371F8153-F32E-428B-89CB-586C77B4704E}.Debug|Any CPU.Deploy.0 = Debug|Any CPU
		{371F8153-F32E-428B-89CB-586C77B4704E}.Release|Any CPU.ActiveCfg = Release|Any CPU
		{371F8153-F32E-428B-89CB-586C77B4704E}.Release|Any CPU.Build.0 = Release|Any CPU
		{371F8153-F32E-428B-89CB-586C77B4704E}.Release|Any CPU.Deploy.0 = Release|Any CPU
		{CBE2B504-74A7-44FA-BD85-909093F9987A}.Debug|Any CPU.ActiveCfg = Debug|Any CPU
		{CBE2B504-74A7-44FA-BD85-909093F9987A}.Debug|Any CPU.Build.0 = Debug|Any CPU
		{CBE2B504-74A7-44FA-BD85-909093F9987A}.Debug|Any CPU.Deploy.0 = Debug|Any CPU
		{CBE2B504-74A7-44FA-BD85-909093F9987A}.Release|Any CPU.ActiveCfg = Release|Any CPU
		{CBE2B504-74A7-44FA-BD85-909093F9987A}.Release|Any CPU.Build.0 = Release|Any CPU
		{CBE2B504-74A7-44FA-BD85-909093F9987A}.Release|Any CPU.Deploy.0 = Release|Any CPU
	EndGlobalSection
	GlobalSection(SolutionProperties) = preSolution
		HideSolutionNode = FALSE
	EndGlobalSection
	GlobalSection(ExtensibilityGlobals) = postSolution
		SolutionGuid = {3213A8F9-CBE8-4932-8D21-1DF51C853A2A}
	EndGlobalSection
EndGlobal
